
Microsoft Visual Studio Solution File, Format Version 12.00
# Visual Studio Version 16
VisualStudioVersion = 16.0.29503.13
MinimumVisualStudioVersion = 10.0.40219.1
Project("{8BC9CEB8-8B4A-11D0-8D11-00A0C91BC942}") = "13_http_password", "13_http_password.vcxproj", "{6D47D885-E8FD-405D-A05F-166478B9B3F0}"
EndProject
Global
	GlobalSection(SolutionConfigurationPlatforms) = preSolution
		Debug|x86 = Debug|x86
		Release|x86 = Release|x86
	EndGlobalSection
	GlobalSection(ProjectConfigurationPlatforms) = postSolution
		{6D47D885-E8FD-405D-A05F-166478B9B3F0}.Debug|x86.ActiveCfg = Debug|Win32
		{6D47D885-E8FD-405D-A05F-166478B9B3F0}.Debug|x86.Build.0 = Debug|Win32
		{6D47D885-E8FD-405D-A05F-166478B9B3F0}.Release|x86.ActiveCfg = Release|Win32
		{6D47D885-E8FD-405D-A05F-166478B9B3F0}.Release|x86.Build.0 = Release|Win32
	EndGlobalSection
	GlobalSection(SolutionProperties) = preSolution
		HideSolutionNode = FALSE
	EndGlobalSection
	GlobalSection(ExtensibilityGlobals) = postSolution
		SolutionGuid = {71DEEFFF-B4E7-4FEA-B2F2-0586452BA746}
	EndGlobalSection
EndGlobal
