
Microsoft Visual Studio Solution File, Format Version 11.00
# Visual Studio 2010
Project("{2150E333-8FDC-42A3-9474-1A3956D46DE8}") = "05_multicast_sender", "05_multicast_sender", "{00EED760-2F8D-4F87-B960-C365C189BEED}"
EndProject
Project("{2150E333-8FDC-42A3-9474-1A3956D46DE8}") = "05_multicast_listener", "05_multicast_listener", "{21B07355-9A5A-4EC9-AD42-C23EABE4E91B}"
EndProject
Project("{8BC9CEB8-8B4A-11D0-8D11-00A0C91BC942}") = "05_multicast_listener", "05_multicast_listener\05_multicast_listener.vcxproj", "{1E5F9297-4AB8-4343-BBCC-1F4013CCF106}"
EndProject
Project("{8BC9CEB8-8B4A-11D0-8D11-00A0C91BC942}") = "05_multicast_sender", "05_multicast_sender\05_multicast_sender.vcxproj", "{136B7FAC-CB99-4645-9390-B0C9E5B41A8E}"
EndProject
Global
	GlobalSection(SolutionConfigurationPlatforms) = preSolution
		Debug|Win32 = Debug|Win32
		Release|Win32 = Release|Win32
	EndGlobalSection
	GlobalSection(ProjectConfigurationPlatforms) = postSolution
		{1E5F9297-4AB8-4343-BBCC-1F4013CCF106}.Debug|Win32.ActiveCfg = Debug|Win32
		{1E5F9297-4AB8-4343-BBCC-1F4013CCF106}.Debug|Win32.Build.0 = Debug|Win32
		{1E5F9297-4AB8-4343-BBCC-1F4013CCF106}.Release|Win32.ActiveCfg = Release|Win32
		{1E5F9297-4AB8-4343-BBCC-1F4013CCF106}.Release|Win32.Build.0 = Release|Win32
		{136B7FAC-CB99-4645-9390-B0C9E5B41A8E}.Debug|Win32.ActiveCfg = Debug|Win32
		{136B7FAC-CB99-4645-9390-B0C9E5B41A8E}.Debug|Win32.Build.0 = Debug|Win32
		{136B7FAC-CB99-4645-9390-B0C9E5B41A8E}.Release|Win32.ActiveCfg = Release|Win32
		{136B7FAC-CB99-4645-9390-B0C9E5B41A8E}.Release|Win32.Build.0 = Release|Win32
	EndGlobalSection
	GlobalSection(SolutionProperties) = preSolution
		HideSolutionNode = FALSE
	EndGlobalSection
	GlobalSection(NestedProjects) = preSolution
		{136B7FAC-CB99-4645-9390-B0C9E5B41A8E} = {00EED760-2F8D-4F87-B960-C365C189BEED}
		{1E5F9297-4AB8-4343-BBCC-1F4013CCF106} = {21B07355-9A5A-4EC9-AD42-C23EABE4E91B}
	EndGlobalSection
EndGlobal
