
Microsoft Visual Studio Solution File, Format Version 11.00
# Visual Studio 2010
Project("{8BC9CEB8-8B4A-11D0-8D11-00A0C91BC942}") = "04_multithreading_idea", "04_multithreading_idea\04_multithreading_idea.vcxproj", "{541AB4EE-96F5-4D28-882A-696407B1082D}"
EndProject
Global
	GlobalSection(SolutionConfigurationPlatforms) = preSolution
		Debug|Win32 = Debug|Win32
		Release|Win32 = Release|Win32
	EndGlobalSection
	GlobalSection(ProjectConfigurationPlatforms) = postSolution
		{541AB4EE-96F5-4D28-882A-696407B1082D}.Debug|Win32.ActiveCfg = Debug|Win32
		{541AB4EE-96F5-4D28-882A-696407B1082D}.Debug|Win32.Build.0 = Debug|Win32
		{541AB4EE-96F5-4D28-882A-696407B1082D}.Release|Win32.ActiveCfg = Release|Win32
		{541AB4EE-96F5-4D28-882A-696407B1082D}.Release|Win32.Build.0 = Release|Win32
	EndGlobalSection
	GlobalSection(SolutionProperties) = preSolution
		HideSolutionNode = FALSE
	EndGlobalSection
EndGlobal
